
Microsoft Visual Studio Solution File, Format Version 12.00
# Visual Studio Version 16
VisualStudioVersion = 16.0.28922.388
MinimumVisualStudioVersion = 10.0.40219.1
Project("{9A19103F-16F7-4668-BE54-9A1E7A4F7556}") = "TestConsoleApp", "TestConsoleApp\TestConsoleApp.csproj", "{24F1C63A-38B6-4310-B055-0EA1B10F65BA}"
	ProjectSection(ProjectDependencies) = postProject
		{CAA5E9A6-C91F-4B10-8908-5A0F6492045C} = {CAA5E9A6-C91F-4B10-8908-5A0F6492045C}
	EndProjectSection
EndProject
Project("{FAE04EC0-301F-11D3-BF4B-00C04F79EFBC}") = "ExeForReflection", "ExeForReflection\ExeForReflection.csproj", "{CAA5E9A6-C91F-4B10-8908-5A0F6492045C}"
EndProject
Global
	GlobalSection(SolutionConfigurationPlatforms) = preSolution
		Debug|Any CPU = Debug|Any CPU
		Release|Any CPU = Release|Any CPU
	EndGlobalSection
	GlobalSection(ProjectConfigurationPlatforms) = postSolution
		{24F1C63A-38B6-4310-B055-0EA1B10F65BA}.Debug|Any CPU.ActiveCfg = Debug|Any CPU
		{24F1C63A-38B6-4310-B055-0EA1B10F65BA}.Debug|Any CPU.Build.0 = Debug|Any CPU
		{24F1C63A-38B6-4310-B055-0EA1B10F65BA}.Release|Any CPU.ActiveCfg = Release|Any CPU
		{24F1C63A-38B6-4310-B055-0EA1B10F65BA}.Release|Any CPU.Build.0 = Release|Any CPU
		{CAA5E9A6-C91F-4B10-8908-5A0F6492045C}.Debug|Any CPU.ActiveCfg = Debug|Any CPU
		{CAA5E9A6-C91F-4B10-8908-5A0F6492045C}.Debug|Any CPU.Build.0 = Debug|Any CPU
		{CAA5E9A6-C91F-4B10-8908-5A0F6492045C}.Release|Any CPU.ActiveCfg = Release|Any CPU
		{CAA5E9A6-C91F-4B10-8908-5A0F6492045C}.Release|Any CPU.Build.0 = Release|Any CPU
	EndGlobalSection
	GlobalSection(SolutionProperties) = preSolution
		HideSolutionNode = FALSE
	EndGlobalSection
	GlobalSection(ExtensibilityGlobals) = postSolution
		SolutionGuid = {D39ED592-3957-4D3D-BE9B-2F5AFE4F78AD}
	EndGlobalSection
EndGlobal
